
Microsoft Visual Studio Solution File, Format Version 12.00
# Visual Studio Version 17
VisualStudioVersion = 17.4.33213.308
MinimumVisualStudioVersion = 10.0.40219.1
Project("{FAE04EC0-301F-11D3-BF4B-00C04F79EFBC}") = "MicrosoftBootcampLesson1", "MicrosoftBootcampLesson1\MicrosoftBootcampLesson1.csproj", "{7693928A-625E-47FF-B764-CFBD62DF5DC6}"
EndProject
Project("{FAE04EC0-301F-11D3-BF4B-00C04F79EFBC}") = "BasicType", "BasicType\BasicType.csproj", "{ECB67A67-692F-4022-908E-6E9A63640004}"
EndProject
Global
	GlobalSection(SolutionConfigurationPlatforms) = preSolution
		Debug|Any CPU = Debug|Any CPU
		Release|Any CPU = Release|Any CPU
	EndGlobalSection
	GlobalSection(ProjectConfigurationPlatforms) = postSolution
		{7693928A-625E-47FF-B764-CFBD62DF5DC6}.Debug|Any CPU.ActiveCfg = Debug|Any CPU
		{7693928A-625E-47FF-B764-CFBD62DF5DC6}.Debug|Any CPU.Build.0 = Debug|Any CPU
		{7693928A-625E-47FF-B764-CFBD62DF5DC6}.Release|Any CPU.ActiveCfg = Release|Any CPU
		{7693928A-625E-47FF-B764-CFBD62DF5DC6}.Release|Any CPU.Build.0 = Release|Any CPU
		{ECB67A67-692F-4022-908E-6E9A63640004}.Debug|Any CPU.ActiveCfg = Debug|Any CPU
		{ECB67A67-692F-4022-908E-6E9A63640004}.Debug|Any CPU.Build.0 = Debug|Any CPU
		{ECB67A67-692F-4022-908E-6E9A63640004}.Release|Any CPU.ActiveCfg = Release|Any CPU
		{ECB67A67-692F-4022-908E-6E9A63640004}.Release|Any CPU.Build.0 = Release|Any CPU
	EndGlobalSection
	GlobalSection(SolutionProperties) = preSolution
		HideSolutionNode = FALSE
	EndGlobalSection
	GlobalSection(ExtensibilityGlobals) = postSolution
		SolutionGuid = {868522ED-95A7-41E3-AF3A-2389D5F06329}
	EndGlobalSection
EndGlobal
